// !$*UTF8*$!
{
	archiveVersion = 1;
	classes = {
	};
	objectVersion = 52;
	objects = {

/* Begin PBXBuildFile section */
		C28E5570260D08A500FB97C1 /* FireBase_PracticeApp.swift in Sources */ = {isa = PBXBuildFile; fileRef = C28E556F260D08A500FB97C1 /* FireBase_PracticeApp.swift */; };
		C28E5572260D08A500FB97C1 /* ContentView.swift in Sources */ = {isa = PBXBuildFile; fileRef = C28E5571260D08A500FB97C1 /* ContentView.swift */; };
		C28E5574260D08A600FB97C1 /* Assets.xcassets in Resources */ = {isa = PBXBuildFile; fileRef = C28E5573260D08A600FB97C1 /* Assets.xcassets */; };
		C28E5577260D08A600FB97C1 /* Preview Assets.xcassets in Resources */ = {isa = PBXBuildFile; fileRef = C28E5576260D08A600FB97C1 /* Preview Assets.xcassets */; };
		C28E5580260D099900FB97C1 /* GoogleService-Info.plist in Resources */ = {isa = PBXBuildFile; fileRef = C28E557F260D099900FB97C1 /* GoogleService-Info.plist */; };
		C28E5584260D0C9D00FB97C1 /* FirebaseAppDistribution-Beta in Frameworks */ = {isa = PBXBuildFile; productRef = C28E5583260D0C9D00FB97C1 /* FirebaseAppDistribution-Beta */; };
		C28E5586260D0C9D00FB97C1 /* FirebaseInstallations in Frameworks */ = {isa = PBXBuildFile; productRef = C28E5585260D0C9D00FB97C1 /* FirebaseInstallations */; };
		C28E5588260D0C9D00FB97C1 /* FirebaseInAppMessagingSwift-Beta in Frameworks */ = {isa = PBXBuildFile; productRef = C28E5587260D0C9D00FB97C1 /* FirebaseInAppMessagingSwift-Beta */; };
		C28E558A260D0C9D00FB97C1 /* FirebaseMessaging in Frameworks */ = {isa = PBXBuildFile; productRef = C28E5589260D0C9D00FB97C1 /* FirebaseMessaging */; };
		C28E558C260D0C9D00FB97C1 /* FirebaseDynamicLinks in Frameworks */ = {isa = PBXBuildFile; productRef = C28E558B260D0C9D00FB97C1 /* FirebaseDynamicLinks */; };
		C28E558E260D0C9D00FB97C1 /* FirebaseFirestoreSwift-Beta in Frameworks */ = {isa = PBXBuildFile; productRef = C28E558D260D0C9D00FB97C1 /* FirebaseFirestoreSwift-Beta */; };
		C28E5590260D0C9D00FB97C1 /* FirebaseStorageSwift-Beta in Frameworks */ = {isa = PBXBuildFile; productRef = C28E558F260D0C9D00FB97C1 /* FirebaseStorageSwift-Beta */; };
		C28E5592260D0C9D00FB97C1 /* FirebaseStorage in Frameworks */ = {isa = PBXBuildFile; productRef = C28E5591260D0C9D00FB97C1 /* FirebaseStorage */; };
		C28E5594260D0C9D00FB97C1 /* FirebaseMLModelDownloader in Frameworks */ = {isa = PBXBuildFile; productRef = C28E5593260D0C9D00FB97C1 /* FirebaseMLModelDownloader */; };
		C28E5596260D0C9D00FB97C1 /* FirebaseInAppMessaging-Beta in Frameworks */ = {isa = PBXBuildFile; productRef = C28E5595260D0C9D00FB97C1 /* FirebaseInAppMessaging-Beta */; };
		C28E5598260D0C9D00FB97C1 /* FirebaseFirestore in Frameworks */ = {isa = PBXBuildFile; productRef = C28E5597260D0C9D00FB97C1 /* FirebaseFirestore */; };
		C28E559A260D0C9D00FB97C1 /* FirebaseDatabase in Frameworks */ = {isa = PBXBuildFile; productRef = C28E5599260D0C9D00FB97C1 /* FirebaseDatabase */; };
		C28E559C260D0C9D00FB97C1 /* FirebaseFunctions in Frameworks */ = {isa = PBXBuildFile; productRef = C28E559B260D0C9D00FB97C1 /* FirebaseFunctions */; };
		C28E559E260D0C9D00FB97C1 /* FirebaseRemoteConfig in Frameworks */ = {isa = PBXBuildFile; productRef = C28E559D260D0C9D00FB97C1 /* FirebaseRemoteConfig */; };
		C28E55A0260D0C9D00FB97C1 /* FirebaseCrashlytics in Frameworks */ = {isa = PBXBuildFile; productRef = C28E559F260D0C9D00FB97C1 /* FirebaseCrashlytics */; };
		C28E55A2260D0C9D00FB97C1 /* FirebaseAuth in Frameworks */ = {isa = PBXBuildFile; productRef = C28E55A1260D0C9D00FB97C1 /* FirebaseAuth */; };
		C28E55A4260D0C9D00FB97C1 /* FirebaseAnalyticsSwift-Beta in Frameworks */ = {isa = PBXBuildFile; productRef = C28E55A3260D0C9D00FB97C1 /* FirebaseAnalyticsSwift-Beta */; };
		C28E55A6260D0C9D00FB97C1 /* FirebaseAnalytics in Frameworks */ = {isa = PBXBuildFile; productRef = C28E55A5260D0C9D00FB97C1 /* FirebaseAnalytics */; };
		C28E55AA260D0E7300FB97C1 /* APIManager.swift in Sources */ = {isa = PBXBuildFile; fileRef = C28E55A9260D0E7300FB97C1 /* APIManager.swift */; };
		C28E55AE260D0FBA00FB97C1 /* Document.swift in Sources */ = {isa = PBXBuildFile; fileRef = C28E55AD260D0FBA00FB97C1 /* Document.swift */; };
		C28E55B1260D1CDE00FB97C1 /* CarsViewModel.swift in Sources */ = {isa = PBXBuildFile; fileRef = C28E55B0260D1CDE00FB97C1 /* CarsViewModel.swift */; };
/* End PBXBuildFile section */

/* Begin PBXFileReference section */
		C28E556C260D08A500FB97C1 /* FireBase Practice.app */ = {isa = PBXFileReference; explicitFileType = wrapper.application; includeInIndex = 0; path = "FireBase Practice.app"; sourceTree = BUILT_PRODUCTS_DIR; };
		C28E556F260D08A500FB97C1 /* FireBase_PracticeApp.swift */ = {isa = PBXFileReference; lastKnownFileType = sourcecode.swift; path = FireBase_PracticeApp.swift; sourceTree = "<group>"; };
		C28E5571260D08A500FB97C1 /* ContentView.swift */ = {isa = PBXFileReference; lastKnownFileType = sourcecode.swift; path = ContentView.swift; sourceTree = "<group>"; };
		C28E5573260D08A600FB97C1 /* Assets.xcassets */ = {isa = PBXFileReference; lastKnownFileType = folder.assetcatalog; path = Assets.xcassets; sourceTree = "<group>"; };
		C28E5576260D08A600FB97C1 /* Preview Assets.xcassets */ = {isa = PBXFileReference; lastKnownFileType = folder.assetcatalog; path = "Preview Assets.xcassets"; sourceTree = "<group>"; };
		C28E5578260D08A600FB97C1 /* Info.plist */ = {isa = PBXFileReference; lastKnownFileType = text.plist.xml; path = Info.plist; sourceTree = "<group>"; };
		C28E557F260D099900FB97C1 /* GoogleService-Info.plist */ = {isa = PBXFileReference; fileEncoding = 4; lastKnownFileType = text.plist.xml; path = "GoogleService-Info.plist"; sourceTree = "<group>"; };
		C28E55A9260D0E7300FB97C1 /* APIManager.swift */ = {isa = PBXFileReference; lastKnownFileType = sourcecode.swift; path = APIManager.swift; sourceTree = "<group>"; };
		C28E55AD260D0FBA00FB97C1 /* Document.swift */ = {isa = PBXFileReference; lastKnownFileType = sourcecode.swift; path = Document.swift; sourceTree = "<group>"; };
		C28E55B0260D1CDE00FB97C1 /* CarsViewModel.swift */ = {isa = PBXFileReference; lastKnownFileType = sourcecode.swift; path = CarsViewModel.swift; sourceTree = "<group>"; };
/* End PBXFileReference section */

/* Begin PBXFrameworksBuildPhase section */
		C28E5569260D08A500FB97C1 /* Frameworks */ = {
			isa = PBXFrameworksBuildPhase;
			buildActionMask = 2147483647;
			files = (
				C28E558A260D0C9D00FB97C1 /* FirebaseMessaging in Frameworks */,
				C28E5584260D0C9D00FB97C1 /* FirebaseAppDistribution-Beta in Frameworks */,
				C28E5588260D0C9D00FB97C1 /* FirebaseInAppMessagingSwift-Beta in Frameworks */,
				C28E559E260D0C9D00FB97C1 /* FirebaseRemoteConfig in Frameworks */,
				C28E558E260D0C9D00FB97C1 /* FirebaseFirestoreSwift-Beta in Frameworks */,
				C28E5586260D0C9D00FB97C1 /* FirebaseInstallations in Frameworks */,
				C28E5592260D0C9D00FB97C1 /* FirebaseStorage in Frameworks */,
				C28E55A4260D0C9D00FB97C1 /* FirebaseAnalyticsSwift-Beta in Frameworks */,
				C28E55A6260D0C9D00FB97C1 /* FirebaseAnalytics in Frameworks */,
				C28E559A260D0C9D00FB97C1 /* FirebaseDatabase in Frameworks */,
				C28E5594260D0C9D00FB97C1 /* FirebaseMLModelDownloader in Frameworks */,
				C28E5590260D0C9D00FB97C1 /* FirebaseStorageSwift-Beta in Frameworks */,
				C28E559C260D0C9D00FB97C1 /* FirebaseFunctions in Frameworks */,
				C28E558C260D0C9D00FB97C1 /* FirebaseDynamicLinks in Frameworks */,
				C28E55A0260D0C9D00FB97C1 /* FirebaseCrashlytics in Frameworks */,
				C28E5598260D0C9D00FB97C1 /* FirebaseFirestore in Frameworks */,
				C28E5596260D0C9D00FB97C1 /* FirebaseInAppMessaging-Beta in Frameworks */,
				C28E55A2260D0C9D00FB97C1 /* FirebaseAuth in Frameworks */,
			);
			runOnlyForDeploymentPostprocessing = 0;
		};
/* End PBXFrameworksBuildPhase section */

/* Begin PBXGroup section */
		C28E5563260D08A500FB97C1 = {
			isa = PBXGroup;
			children = (
				C28E556E260D08A500FB97C1 /* FireBase Practice */,
				C28E556D260D08A500FB97C1 /* Products */,
			);
			sourceTree = "<group>";
		};
		C28E556D260D08A500FB97C1 /* Products */ = {
			isa = PBXGroup;
			children = (
				C28E556C260D08A500FB97C1 /* FireBase Practice.app */,
			);
			name = Products;
			sourceTree = "<group>";
		};
		C28E556E260D08A500FB97C1 /* FireBase Practice */ = {
			isa = PBXGroup;
			children = (
				C28E55AC260D0FAA00FB97C1 /* models */,
				C28E55A8260D0E5F00FB97C1 /* services */,
				C28E556F260D08A500FB97C1 /* FireBase_PracticeApp.swift */,
				C28E5571260D08A500FB97C1 /* ContentView.swift */,
				C28E5573260D08A600FB97C1 /* Assets.xcassets */,
				C28E5578260D08A600FB97C1 /* Info.plist */,
				C28E557F260D099900FB97C1 /* GoogleService-Info.plist */,
				C28E5575260D08A600FB97C1 /* Preview Content */,
				C28E55B0260D1CDE00FB97C1 /* CarsViewModel.swift */,
			);
			path = "FireBase Practice";
			sourceTree = "<group>";
		};
		C28E5575260D08A600FB97C1 /* Preview Content */ = {
			isa = PBXGroup;
			children = (
				C28E5576260D08A600FB97C1 /* Preview Assets.xcassets */,
			);
			path = "Preview Content";
			sourceTree = "<group>";
		};
		C28E55A8260D0E5F00FB97C1 /* services */ = {
			isa = PBXGroup;
			children = (
				C28E55A9260D0E7300FB97C1 /* APIManager.swift */,
			);
			path = services;
			sourceTree = "<group>";
		};
		C28E55AC260D0FAA00FB97C1 /* models */ = {
			isa = PBXGroup;
			children = (
				C28E55AD260D0FBA00FB97C1 /* Document.swift */,
			);
			path = models;
			sourceTree = "<group>";
		};
/* End PBXGroup section */

/* Begin PBXNativeTarget section */
		C28E556B260D08A500FB97C1 /* FireBase Practice */ = {
			isa = PBXNativeTarget;
			buildConfigurationList = C28E557B260D08A600FB97C1 /* Build configuration list for PBXNativeTarget "FireBase Practice" */;
			buildPhases = (
				C28E5568260D08A500FB97C1 /* Sources */,
				C28E5569260D08A500FB97C1 /* Frameworks */,
				C28E556A260D08A500FB97C1 /* Resources */,
			);
			buildRules = (
			);
			dependencies = (
			);
			name = "FireBase Practice";
			packageProductDependencies = (
				C28E5583260D0C9D00FB97C1 /* FirebaseAppDistribution-Beta */,
				C28E5585260D0C9D00FB97C1 /* FirebaseInstallations */,
				C28E5587260D0C9D00FB97C1 /* FirebaseInAppMessagingSwift-Beta */,
				C28E5589260D0C9D00FB97C1 /* FirebaseMessaging */,
				C28E558B260D0C9D00FB97C1 /* FirebaseDynamicLinks */,
				C28E558D260D0C9D00FB97C1 /* FirebaseFirestoreSwift-Beta */,
				C28E558F260D0C9D00FB97C1 /* FirebaseStorageSwift-Beta */,
				C28E5591260D0C9D00FB97C1 /* FirebaseStorage */,
				C28E5593260D0C9D00FB97C1 /* FirebaseMLModelDownloader */,
				C28E5595260D0C9D00FB97C1 /* FirebaseInAppMessaging-Beta */,
				C28E5597260D0C9D00FB97C1 /* FirebaseFirestore */,
				C28E5599260D0C9D00FB97C1 /* FirebaseDatabase */,
				C28E559B260D0C9D00FB97C1 /* FirebaseFunctions */,
				C28E559D260D0C9D00FB97C1 /* FirebaseRemoteConfig */,
				C28E559F260D0C9D00FB97C1 /* FirebaseCrashlytics */,
				C28E55A1260D0C9D00FB97C1 /* FirebaseAuth */,
				C28E55A3260D0C9D00FB97C1 /* FirebaseAnalyticsSwift-Beta */,
				C28E55A5260D0C9D00FB97C1 /* FirebaseAnalytics */,
			);
			productName = "FireBase Practice";
			productReference = C28E556C260D08A500FB97C1 /* FireBase Practice.app */;
			productType = "com.apple.product-type.application";
		};
/* End PBXNativeTarget section */

/* Begin PBXProject section */
		C28E5564260D08A500FB97C1 /* Project object */ = {
			isa = PBXProject;
			attributes = {
				LastSwiftUpdateCheck = 1240;
				LastUpgradeCheck = 1240;
				TargetAttributes = {
					C28E556B260D08A500FB97C1 = {
						CreatedOnToolsVersion = 12.4;
					};
				};
			};
			buildConfigurationList = C28E5567260D08A500FB97C1 /* Build configuration list for PBXProject "FireBase Practice" */;
			compatibilityVersion = "Xcode 9.3";
			developmentRegion = en;
			hasScannedForEncodings = 0;
			knownRegions = (
				en,
				Base,
			);
			mainGroup = C28E5563260D08A500FB97C1;
			packageReferences = (
				C28E5582260D0C9D00FB97C1 /* XCRemoteSwiftPackageReference "firebase-ios-sdk" */,
			);
			productRefGroup = C28E556D260D08A500FB97C1 /* Products */;
			projectDirPath = "";
			projectRoot = "";
			targets = (
				C28E556B260D08A500FB97C1 /* FireBase Practice */,
			);
		};
/* End PBXProject section */

/* Begin PBXResourcesBuildPhase section */
		C28E556A260D08A500FB97C1 /* Resources */ = {
			isa = PBXResourcesBuildPhase;
			buildActionMask = 2147483647;
			files = (
				C28E5577260D08A600FB97C1 /* Preview Assets.xcassets in Resources */,
				C28E5574260D08A600FB97C1 /* Assets.xcassets in Resources */,
				C28E5580260D099900FB97C1 /* GoogleService-Info.plist in Resources */,
			);
			runOnlyForDeploymentPostprocessing = 0;
		};
/* End PBXResourcesBuildPhase section */

/* Begin PBXSourcesBuildPhase section */
		C28E5568260D08A500FB97C1 /* Sources */ = {
			isa = PBXSourcesBuildPhase;
			buildActionMask = 2147483647;
			files = (
				C28E55B1260D1CDE00FB97C1 /* CarsViewModel.swift in Sources */,
				C28E55AE260D0FBA00FB97C1 /* Document.swift in Sources */,
				C28E55AA260D0E7300FB97C1 /* APIManager.swift in Sources */,
				C28E5572260D08A500FB97C1 /* ContentView.swift in Sources */,
				C28E5570260D08A500FB97C1 /* FireBase_PracticeApp.swift in Sources */,
			);
			runOnlyForDeploymentPostprocessing = 0;
		};
/* End PBXSourcesBuildPhase section */

/* Begin XCBuildConfiguration section */
		C28E5579260D08A600FB97C1 /* Debug */ = {
			isa = XCBuildConfiguration;
			buildSettings = {
				ALWAYS_SEARCH_USER_PATHS = NO;
				CLANG_ANALYZER_NONNULL = YES;
				CLANG_ANALYZER_NUMBER_OBJECT_CONVERSION = YES_AGGRESSIVE;
				CLANG_CXX_LANGUAGE_STANDARD = "gnu++14";
				CLANG_CXX_LIBRARY = "libc++";
				CLANG_ENABLE_MODULES = YES;
				CLANG_ENABLE_OBJC_ARC = YES;
				CLANG_ENABLE_OBJC_WEAK = YES;
				CLANG_WARN_BLOCK_CAPTURE_AUTORELEASING = YES;
				CLANG_WARN_BOOL_CONVERSION = YES;
				CLANG_WARN_COMMA = YES;
				CLANG_WARN_CONSTANT_CONVERSION = YES;
				CLANG_WARN_DEPRECATED_OBJC_IMPLEMENTATIONS = YES;
				CLANG_WARN_DIRECT_OBJC_ISA_USAGE = YES_ERROR;
				CLANG_WARN_DOCUMENTATION_COMMENTS = YES;
				CLANG_WARN_EMPTY_BODY = YES;
				CLANG_WARN_ENUM_CONVERSION = YES;
				CLANG_WARN_INFINITE_RECURSION = YES;
				CLANG_WARN_INT_CONVERSION = YES;
				CLANG_WARN_NON_LITERAL_NULL_CONVERSION = YES;
				CLANG_WARN_OBJC_IMPLICIT_RETAIN_SELF = YES;
				CLANG_WARN_OBJC_LITERAL_CONVERSION = YES;
				CLANG_WARN_OBJC_ROOT_CLASS = YES_ERROR;
				CLANG_WARN_QUOTED_INCLUDE_IN_FRAMEWORK_HEADER = YES;
				CLANG_WARN_RANGE_LOOP_ANALYSIS = YES;
				CLANG_WARN_STRICT_PROTOTYPES = YES;
				CLANG_WARN_SUSPICIOUS_MOVE = YES;
				CLANG_WARN_UNGUARDED_AVAILABILITY = YES_AGGRESSIVE;
				CLANG_WARN_UNREACHABLE_CODE = YES;
				CLANG_WARN__DUPLICATE_METHOD_MATCH = YES;
				COPY_PHASE_STRIP = NO;
				DEBUG_INFORMATION_FORMAT = dwarf;
				ENABLE_STRICT_OBJC_MSGSEND = YES;
				ENABLE_TESTABILITY = YES;
				GCC_C_LANGUAGE_STANDARD = gnu11;
				GCC_DYNAMIC_NO_PIC = NO;
				GCC_NO_COMMON_BLOCKS = YES;
				GCC_OPTIMIZATION_LEVEL = 0;
				GCC_PREPROCESSOR_DEFINITIONS = (
					"DEBUG=1",
					"$(inherited)",
				);
				GCC_WARN_64_TO_32_BIT_CONVERSION = YES;
				GCC_WARN_ABOUT_RETURN_TYPE = YES_ERROR;
				GCC_WARN_UNDECLARED_SELECTOR = YES;
				GCC_WARN_UNINITIALIZED_AUTOS = YES_AGGRESSIVE;
				GCC_WARN_UNUSED_FUNCTION = YES;
				GCC_WARN_UNUSED_VARIABLE = YES;
				IPHONEOS_DEPLOYMENT_TARGET = 14.4;
				MTL_ENABLE_DEBUG_INFO = INCLUDE_SOURCE;
				MTL_FAST_MATH = YES;
				ONLY_ACTIVE_ARCH = YES;
				SDKROOT = iphoneos;
				SWIFT_ACTIVE_COMPILATION_CONDITIONS = DEBUG;
				SWIFT_OPTIMIZATION_LEVEL = "-Onone";
			};
			name = Debug;
		};
		C28E557A260D08A600FB97C1 /* Release */ = {
			isa = XCBuildConfiguration;
			buildSettings = {
				ALWAYS_SEARCH_USER_PATHS = NO;
				CLANG_ANALYZER_NONNULL = YES;
				CLANG_ANALYZER_NUMBER_OBJECT_CONVERSION = YES_AGGRESSIVE;
				CLANG_CXX_LANGUAGE_STANDARD = "gnu++14";
				CLANG_CXX_LIBRARY = "libc++";
				CLANG_ENABLE_MODULES = YES;
				CLANG_ENABLE_OBJC_ARC = YES;
				CLANG_ENABLE_OBJC_WEAK = YES;
				CLANG_WARN_BLOCK_CAPTURE_AUTORELEASING = YES;
				CLANG_WARN_BOOL_CONVERSION = YES;
				CLANG_WARN_COMMA = YES;
				CLANG_WARN_CONSTANT_CONVERSION = YES;
				CLANG_WARN_DEPRECATED_OBJC_IMPLEMENTATIONS = YES;
				CLANG_WARN_DIRECT_OBJC_ISA_USAGE = YES_ERROR;
				CLANG_WARN_DOCUMENTATION_COMMENTS = YES;
				CLANG_WARN_EMPTY_BODY = YES;
				CLANG_WARN_ENUM_CONVERSION = YES;
				CLANG_WARN_INFINITE_RECURSION = YES;
				CLANG_WARN_INT_CONVERSION = YES;
				CLANG_WARN_NON_LITERAL_NULL_CONVERSION = YES;
				CLANG_WARN_OBJC_IMPLICIT_RETAIN_SELF = YES;
				CLANG_WARN_OBJC_LITERAL_CONVERSION = YES;
				CLANG_WARN_OBJC_ROOT_CLASS = YES_ERROR;
				CLANG_WARN_QUOTED_INCLUDE_IN_FRAMEWORK_HEADER = YES;
				CLANG_WARN_RANGE_LOOP_ANALYSIS = YES;
				CLANG_WARN_STRICT_PROTOTYPES = YES;
				CLANG_WARN_SUSPICIOUS_MOVE = YES;
				CLANG_WARN_UNGUARDED_AVAILABILITY = YES_AGGRESSIVE;
				CLANG_WARN_UNREACHABLE_CODE = YES;
				CLANG_WARN__DUPLICATE_METHOD_MATCH = YES;
				COPY_PHASE_STRIP = NO;
				DEBUG_INFORMATION_FORMAT = "dwarf-with-dsym";
				ENABLE_NS_ASSERTIONS = NO;
				ENABLE_STRICT_OBJC_MSGSEND = YES;
				GCC_C_LANGUAGE_STANDARD = gnu11;
				GCC_NO_COMMON_BLOCKS = YES;
				GCC_WARN_64_TO_32_BIT_CONVERSION = YES;
				GCC_WARN_ABOUT_RETURN_TYPE = YES_ERROR;
				GCC_WARN_UNDECLARED_SELECTOR = YES;
				GCC_WARN_UNINITIALIZED_AUTOS = YES_AGGRESSIVE;
				GCC_WARN_UNUSED_FUNCTION = YES;
				GCC_WARN_UNUSED_VARIABLE = YES;
				IPHONEOS_DEPLOYMENT_TARGET = 14.4;
				MTL_ENABLE_DEBUG_INFO = NO;
				MTL_FAST_MATH = YES;
				SDKROOT = iphoneos;
				SWIFT_COMPILATION_MODE = wholemodule;
				SWIFT_OPTIMIZATION_LEVEL = "-O";
				VALIDATE_PRODUCT = YES;
			};
			name = Release;
		};
		C28E557C260D08A600FB97C1 /* Debug */ = {
			isa = XCBuildConfiguration;
			buildSettings = {
				ASSETCATALOG_COMPILER_APPICON_NAME = AppIcon;
				ASSETCATALOG_COMPILER_GLOBAL_ACCENT_COLOR_NAME = AccentColor;
				CODE_SIGN_STYLE = Automatic;
				DEVELOPMENT_ASSET_PATHS = "\"FireBase Practice/Preview Content\"";
				DEVELOPMENT_TEAM = QUXUWH42GX;
				ENABLE_PREVIEWS = YES;
				INFOPLIST_FILE = "FireBase Practice/Info.plist";
				IPHONEOS_DEPLOYMENT_TARGET = 14.0;
				LD_RUNPATH_SEARCH_PATHS = (
					"$(inherited)",
					"@executable_path/Frameworks",
				);
				PRODUCT_BUNDLE_IDENTIFIER = "com.lectrum.FireBase-Practice";
				PRODUCT_NAME = "$(TARGET_NAME)";
				SWIFT_VERSION = 5.0;
				TARGETED_DEVICE_FAMILY = "1,2";
			};
			name = Debug;
		};
		C28E557D260D08A600FB97C1 /* Release */ = {
			isa = XCBuildConfiguration;
			buildSettings = {
				ASSETCATALOG_COMPILER_APPICON_NAME = AppIcon;
				ASSETCATALOG_COMPILER_GLOBAL_ACCENT_COLOR_NAME = AccentColor;
				CODE_SIGN_STYLE = Automatic;
				DEVELOPMENT_ASSET_PATHS = "\"FireBase Practice/Preview Content\"";
				DEVELOPMENT_TEAM = QUXUWH42GX;
				ENABLE_PREVIEWS = YES;
				INFOPLIST_FILE = "FireBase Practice/Info.plist";
				IPHONEOS_DEPLOYMENT_TARGET = 14.0;
				LD_RUNPATH_SEARCH_PATHS = (
					"$(inherited)",
					"@executable_path/Frameworks",
				);
				PRODUCT_BUNDLE_IDENTIFIER = "com.lectrum.FireBase-Practice";
				PRODUCT_NAME = "$(TARGET_NAME)";
				SWIFT_VERSION = 5.0;
				TARGETED_DEVICE_FAMILY = "1,2";
			};
			name = Release;
		};
/* End XCBuildConfiguration section */

/* Begin XCConfigurationList section */
		C28E5567260D08A500FB97C1 /* Build configuration list for PBXProject "FireBase Practice" */ = {
			isa = XCConfigurationList;
			buildConfigurations = (
				C28E5579260D08A600FB97C1 /* Debug */,
				C28E557A260D08A600FB97C1 /* Release */,
			);
			defaultConfigurationIsVisible = 0;
			defaultConfigurationName = Release;
		};
		C28E557B260D08A600FB97C1 /* Build configuration list for PBXNativeTarget "FireBase Practice" */ = {
			isa = XCConfigurationList;
			buildConfigurations = (
				C28E557C260D08A600FB97C1 /* Debug */,
				C28E557D260D08A600FB97C1 /* Release */,
			);
			defaultConfigurationIsVisible = 0;
			defaultConfigurationName = Release;
		};
/* End XCConfigurationList section */

/* Begin XCRemoteSwiftPackageReference section */
		C28E5582260D0C9D00FB97C1 /* XCRemoteSwiftPackageReference "firebase-ios-sdk" */ = {
			isa = XCRemoteSwiftPackageReference;
			repositoryURL = "https://github.com/firebase/firebase-ios-sdk.git";
			requirement = {
				kind = upToNextMajorVersion;
				minimumVersion = 7.9.1;
			};
		};
/* End XCRemoteSwiftPackageReference section */

/* Begin XCSwiftPackageProductDependency section */
		C28E5583260D0C9D00FB97C1 /* FirebaseAppDistribution-Beta */ = {
			isa = XCSwiftPackageProductDependency;
			package = C28E5582260D0C9D00FB97C1 /* XCRemoteSwiftPackageReference "firebase-ios-sdk" */;
			productName = "FirebaseAppDistribution-Beta";
		};
		C28E5585260D0C9D00FB97C1 /* FirebaseInstallations */ = {
			isa = XCSwiftPackageProductDependency;
			package = C28E5582260D0C9D00FB97C1 /* XCRemoteSwiftPackageReference "firebase-ios-sdk" */;
			productName = FirebaseInstallations;
		};
		C28E5587260D0C9D00FB97C1 /* FirebaseInAppMessagingSwift-Beta */ = {
			isa = XCSwiftPackageProductDependency;
			package = C28E5582260D0C9D00FB97C1 /* XCRemoteSwiftPackageReference "firebase-ios-sdk" */;
			productName = "FirebaseInAppMessagingSwift-Beta";
		};
		C28E5589260D0C9D00FB97C1 /* FirebaseMessaging */ = {
			isa = XCSwiftPackageProductDependency;
			package = C28E5582260D0C9D00FB97C1 /* XCRemoteSwiftPackageReference "firebase-ios-sdk" */;
			productName = FirebaseMessaging;
		};
		C28E558B260D0C9D00FB97C1 /* FirebaseDynamicLinks */ = {
			isa = XCSwiftPackageProductDependency;
			package = C28E5582260D0C9D00FB97C1 /* XCRemoteSwiftPackageReference "firebase-ios-sdk" */;
			productName = FirebaseDynamicLinks;
		};
		C28E558D260D0C9D00FB97C1 /* FirebaseFirestoreSwift-Beta */ = {
			isa = XCSwiftPackageProductDependency;
			package = C28E5582260D0C9D00FB97C1 /* XCRemoteSwiftPackageReference "firebase-ios-sdk" */;
			productName = "FirebaseFirestoreSwift-Beta";
		};
		C28E558F260D0C9D00FB97C1 /* FirebaseStorageSwift-Beta */ = {
			isa = XCSwiftPackageProductDependency;
			package = C28E5582260D0C9D00FB97C1 /* XCRemoteSwiftPackageReference "firebase-ios-sdk" */;
			productName = "FirebaseStorageSwift-Beta";
		};
		C28E5591260D0C9D00FB97C1 /* FirebaseStorage */ = {
			isa = XCSwiftPackageProductDependency;
			package = C28E5582260D0C9D00FB97C1 /* XCRemoteSwiftPackageReference "firebase-ios-sdk" */;
			productName = FirebaseStorage;
		};
		C28E5593260D0C9D00FB97C1 /* FirebaseMLModelDownloader */ = {
			isa = XCSwiftPackageProductDependency;
			package = C28E5582260D0C9D00FB97C1 /* XCRemoteSwiftPackageReference "firebase-ios-sdk" */;
			productName = FirebaseMLModelDownloader;
		};
		C28E5595260D0C9D00FB97C1 /* FirebaseInAppMessaging-Beta */ = {
			isa = XCSwiftPackageProductDependency;
			package = C28E5582260D0C9D00FB97C1 /* XCRemoteSwiftPackageReference "firebase-ios-sdk" */;
			productName = "FirebaseInAppMessaging-Beta";
		};
		C28E5597260D0C9D00FB97C1 /* FirebaseFirestore */ = {
			isa = XCSwiftPackageProductDependency;
			package = C28E5582260D0C9D00FB97C1 /* XCRemoteSwiftPackageReference "firebase-ios-sdk" */;
			productName = FirebaseFirestore;
		};
		C28E5599260D0C9D00FB97C1 /* FirebaseDatabase */ = {
			isa = XCSwiftPackageProductDependency;
			package = C28E5582260D0C9D00FB97C1 /* XCRemoteSwiftPackageReference "firebase-ios-sdk" */;
			productName = FirebaseDatabase;
		};
		C28E559B260D0C9D00FB97C1 /* FirebaseFunctions */ = {
			isa = XCSwiftPackageProductDependency;
			package = C28E5582260D0C9D00FB97C1 /* XCRemoteSwiftPackageReference "firebase-ios-sdk" */;
			productName = FirebaseFunctions;
		};
		C28E559D260D0C9D00FB97C1 /* FirebaseRemoteConfig */ = {
			isa = XCSwiftPackageProductDependency;
			package = C28E5582260D0C9D00FB97C1 /* XCRemoteSwiftPackageReference "firebase-ios-sdk" */;
			productName = FirebaseRemoteConfig;
		};
		C28E559F260D0C9D00FB97C1 /* FirebaseCrashlytics */ = {
			isa = XCSwiftPackageProductDependency;
			package = C28E5582260D0C9D00FB97C1 /* XCRemoteSwiftPackageReference "firebase-ios-sdk" */;
			productName = FirebaseCrashlytics;
		};
		C28E55A1260D0C9D00FB97C1 /* FirebaseAuth */ = {
			isa = XCSwiftPackageProductDependency;
			package = C28E5582260D0C9D00FB97C1 /* XCRemoteSwiftPackageReference "firebase-ios-sdk" */;
			productName = FirebaseAuth;
		};
		C28E55A3260D0C9D00FB97C1 /* FirebaseAnalyticsSwift-Beta */ = {
			isa = XCSwiftPackageProductDependency;
			package = C28E5582260D0C9D00FB97C1 /* XCRemoteSwiftPackageReference "firebase-ios-sdk" */;
			productName = "FirebaseAnalyticsSwift-Beta";
		};
		C28E55A5260D0C9D00FB97C1 /* FirebaseAnalytics */ = {
			isa = XCSwiftPackageProductDependency;
			package = C28E5582260D0C9D00FB97C1 /* XCRemoteSwiftPackageReference "firebase-ios-sdk" */;
			productName = FirebaseAnalytics;
		};
/* End XCSwiftPackageProductDependency section */
	};
	rootObject = C28E5564260D08A500FB97C1 /* Project object */;
}
